// !$*UTF8*$!
{
	archiveVersion = 1;
	classes = {
	};
	objectVersion = 46;
	objects = {

/* Begin PBXBuildFile section */
		1D3623260D0F684500981E51 /* distriviaAppDelegate.m in Sources */ = {isa = PBXBuildFile; fileRef = 1D3623250D0F684500981E51 /* distriviaAppDelegate.m */; };
		1D60589B0D05DD56006BFB54 /* main.m in Sources */ = {isa = PBXBuildFile; fileRef = 29B97316FDCFA39411CA2CEA /* main.m */; };
		1D60589F0D05DD5A006BFB54 /* Foundation.framework in Frameworks */ = {isa = PBXBuildFile; fileRef = 1D30AB110D05D00D00671497 /* Foundation.framework */; };
		1DF5F4E00D08C38300B7A737 /* UIKit.framework in Frameworks */ = {isa = PBXBuildFile; fileRef = 1DF5F4DF0D08C38300B7A737 /* UIKit.framework */; };
		288765A50DF7441C002DB57D /* CoreGraphics.framework in Frameworks */ = {isa = PBXBuildFile; fileRef = 288765A40DF7441C002DB57D /* CoreGraphics.framework */; };
		2899E5220DE3E06400AC0155 /* LoginView.xib in Resources */ = {isa = PBXBuildFile; fileRef = 2899E5210DE3E06400AC0155 /* LoginView.xib */; };
		28AD733F0D9D9553002E5188 /* MainWindow.xib in Resources */ = {isa = PBXBuildFile; fileRef = 28AD733E0D9D9553002E5188 /* MainWindow.xib */; };
		28D7ACF80DDB3853001CB0EB /* LoginViewController.m in Sources */ = {isa = PBXBuildFile; fileRef = 28D7ACF70DDB3853001CB0EB /* LoginViewController.m */; };
		C0524B9F135F870900BE6E98 /* DistriviaAPI.m in Sources */ = {isa = PBXBuildFile; fileRef = C0524B9E135F870900BE6E98 /* DistriviaAPI.m */; };
		C0961665135E9C5D00BDFFA6 /* JSONKit.m in Sources */ = {isa = PBXBuildFile; fileRef = C0961663135E9C5D00BDFFA6 /* JSONKit.m */; };
		C0961669135E9CC300BDFFA6 /* GameData.m in Sources */ = {isa = PBXBuildFile; fileRef = C0961668135E9CC300BDFFA6 /* GameData.m */; };
		C1296088135F35110092180F /* blueButton.png in Resources */ = {isa = PBXBuildFile; fileRef = C1296086135F35110092180F /* blueButton.png */; };
		C1296089135F35110092180F /* whiteButton.png in Resources */ = {isa = PBXBuildFile; fileRef = C1296087135F35110092180F /* whiteButton.png */; };
		C129610613603CB70092180F /* LeaderboardViewController.m in Sources */ = {isa = PBXBuildFile; fileRef = C129610413603CB70092180F /* LeaderboardViewController.m */; };
		C129610713603CB70092180F /* LeaderboardView.xib in Resources */ = {isa = PBXBuildFile; fileRef = C129610513603CB70092180F /* LeaderboardView.xib */; };
		C1296140136357D50092180F /* distrivia_icon6.png in Resources */ = {isa = PBXBuildFile; fileRef = C129613D136357D50092180F /* distrivia_icon6.png */; };
		C1296141136357D50092180F /* distrivia_icon7.png in Resources */ = {isa = PBXBuildFile; fileRef = C129613E136357D50092180F /* distrivia_icon7.png */; };
		C1296142136357D50092180F /* distrivia_icon8.png in Resources */ = {isa = PBXBuildFile; fileRef = C129613F136357D50092180F /* distrivia_icon8.png */; };
		C12961561365572C0092180F /* RootViewController.m in Sources */ = {isa = PBXBuildFile; fileRef = C12961551365572C0092180F /* RootViewController.m */; };
		C149E38A135E5F3500D6A77D /* RoundViewController.m in Sources */ = {isa = PBXBuildFile; fileRef = C149E388135E5F3500D6A77D /* RoundViewController.m */; };
		C149E38B135E5F3500D6A77D /* RoundView.xib in Resources */ = {isa = PBXBuildFile; fileRef = C149E389135E5F3500D6A77D /* RoundView.xib */; };
		C1B03726135E4F6300E7BD63 /* JoinViewController.m in Sources */ = {isa = PBXBuildFile; fileRef = C1B03724135E4F6300E7BD63 /* JoinViewController.m */; };
		C1B03727135E4F6300E7BD63 /* JoinView.xib in Resources */ = {isa = PBXBuildFile; fileRef = C1B03725135E4F6300E7BD63 /* JoinView.xib */; };
		C1B03744135E51D800E7BD63 /* distriviaw.png in Resources */ = {isa = PBXBuildFile; fileRef = C1B03743135E51D800E7BD63 /* distriviaw.png */; };
/* End PBXBuildFile section */

/* Begin PBXFileReference section */
		1D30AB110D05D00D00671497 /* Foundation.framework */ = {isa = PBXFileReference; lastKnownFileType = wrapper.framework; name = Foundation.framework; path = System/Library/Frameworks/Foundation.framework; sourceTree = SDKROOT; };
		1D3623240D0F684500981E51 /* distriviaAppDelegate.h */ = {isa = PBXFileReference; fileEncoding = 4; lastKnownFileType = sourcecode.c.h; path = distriviaAppDelegate.h; sourceTree = "<group>"; };
		1D3623250D0F684500981E51 /* distriviaAppDelegate.m */ = {isa = PBXFileReference; fileEncoding = 4; lastKnownFileType = sourcecode.c.objc; path = distriviaAppDelegate.m; sourceTree = "<group>"; };
		1D6058910D05DD3D006BFB54 /* distrivia.app */ = {isa = PBXFileReference; explicitFileType = wrapper.application; includeInIndex = 0; path = distrivia.app; sourceTree = BUILT_PRODUCTS_DIR; };
		1DF5F4DF0D08C38300B7A737 /* UIKit.framework */ = {isa = PBXFileReference; lastKnownFileType = wrapper.framework; name = UIKit.framework; path = System/Library/Frameworks/UIKit.framework; sourceTree = SDKROOT; };
		288765A40DF7441C002DB57D /* CoreGraphics.framework */ = {isa = PBXFileReference; lastKnownFileType = wrapper.framework; name = CoreGraphics.framework; path = System/Library/Frameworks/CoreGraphics.framework; sourceTree = SDKROOT; };
		2899E5210DE3E06400AC0155 /* LoginView.xib */ = {isa = PBXFileReference; lastKnownFileType = file.xib; path = LoginView.xib; sourceTree = "<group>"; };
		28AD733E0D9D9553002E5188 /* MainWindow.xib */ = {isa = PBXFileReference; lastKnownFileType = file.xib; path = MainWindow.xib; sourceTree = "<group>"; };
		28D7ACF60DDB3853001CB0EB /* LoginViewController.h */ = {isa = PBXFileReference; fileEncoding = 4; lastKnownFileType = sourcecode.c.h; name = LoginViewController.h; path = Classes/LoginViewController.h; sourceTree = "<group>"; };
		28D7ACF70DDB3853001CB0EB /* LoginViewController.m */ = {isa = PBXFileReference; fileEncoding = 4; lastKnownFileType = sourcecode.c.objc; name = LoginViewController.m; path = Classes/LoginViewController.m; sourceTree = "<group>"; };
		29B97316FDCFA39411CA2CEA /* main.m */ = {isa = PBXFileReference; fileEncoding = 4; lastKnownFileType = sourcecode.c.objc; path = main.m; sourceTree = "<group>"; };
		32CA4F630368D1EE00C91783 /* distrivia_Prefix.pch */ = {isa = PBXFileReference; fileEncoding = 4; lastKnownFileType = sourcecode.c.h; path = distrivia_Prefix.pch; sourceTree = "<group>"; };
		8D1107310486CEB800E47090 /* distrivia-Info.plist */ = {isa = PBXFileReference; fileEncoding = 4; lastKnownFileType = text.plist.xml; path = "distrivia-Info.plist"; plistStructureDefinitionIdentifier = "com.apple.xcode.plist.structure-definition.iphone.info-plist"; sourceTree = "<group>"; };
		C0524B9D135F870900BE6E98 /* DistriviaAPI.h */ = {isa = PBXFileReference; fileEncoding = 4; lastKnownFileType = sourcecode.c.h; path = DistriviaAPI.h; sourceTree = "<group>"; };
		C0524B9E135F870900BE6E98 /* DistriviaAPI.m */ = {isa = PBXFileReference; fileEncoding = 4; lastKnownFileType = sourcecode.c.objc; path = DistriviaAPI.m; sourceTree = "<group>"; };
		C0961663135E9C5D00BDFFA6 /* JSONKit.m */ = {isa = PBXFileReference; fileEncoding = 4; lastKnownFileType = sourcecode.c.objc; path = JSONKit.m; sourceTree = "<group>"; };
		C0961664135E9C5D00BDFFA6 /* JSONKit.h */ = {isa = PBXFileReference; fileEncoding = 4; lastKnownFileType = sourcecode.c.h; path = JSONKit.h; sourceTree = "<group>"; };
		C0961667135E9CC300BDFFA6 /* GameData.h */ = {isa = PBXFileReference; fileEncoding = 4; lastKnownFileType = sourcecode.c.h; path = GameData.h; sourceTree = "<group>"; };
		C0961668135E9CC300BDFFA6 /* GameData.m */ = {isa = PBXFileReference; fileEncoding = 4; lastKnownFileType = sourcecode.c.objc; path = GameData.m; sourceTree = "<group>"; };
		C1296086135F35110092180F /* blueButton.png */ = {isa = PBXFileReference; lastKnownFileType = image.png; path = blueButton.png; sourceTree = "<group>"; };
		C1296087135F35110092180F /* whiteButton.png */ = {isa = PBXFileReference; lastKnownFileType = image.png; path = whiteButton.png; sourceTree = "<group>"; };
		C129610313603CB70092180F /* LeaderboardViewController.h */ = {isa = PBXFileReference; fileEncoding = 4; lastKnownFileType = sourcecode.c.h; name = LeaderboardViewController.h; path = Classes/LeaderboardViewController.h; sourceTree = "<group>"; };
		C129610413603CB70092180F /* LeaderboardViewController.m */ = {isa = PBXFileReference; fileEncoding = 4; lastKnownFileType = sourcecode.c.objc; name = LeaderboardViewController.m; path = Classes/LeaderboardViewController.m; sourceTree = "<group>"; };
		C129610513603CB70092180F /* LeaderboardView.xib */ = {isa = PBXFileReference; lastKnownFileType = file.xib; path = LeaderboardView.xib; sourceTree = "<group>"; };
		C129613D136357D50092180F /* distrivia_icon6.png */ = {isa = PBXFileReference; lastKnownFileType = image.png; path = distrivia_icon6.png; sourceTree = "<group>"; };
		C129613E136357D50092180F /* distrivia_icon7.png */ = {isa = PBXFileReference; lastKnownFileType = image.png; path = distrivia_icon7.png; sourceTree = "<group>"; };
		C129613F136357D50092180F /* distrivia_icon8.png */ = {isa = PBXFileReference; lastKnownFileType = image.png; path = distrivia_icon8.png; sourceTree = "<group>"; };
		C12961541365572C0092180F /* RootViewController.h */ = {isa = PBXFileReference; fileEncoding = 4; lastKnownFileType = sourcecode.c.h; path = RootViewController.h; sourceTree = "<group>"; };
		C12961551365572C0092180F /* RootViewController.m */ = {isa = PBXFileReference; fileEncoding = 4; lastKnownFileType = sourcecode.c.objc; path = RootViewController.m; sourceTree = "<group>"; };
		C149E387135E5F3500D6A77D /* RoundViewController.h */ = {isa = PBXFileReference; fileEncoding = 4; lastKnownFileType = sourcecode.c.h; name = RoundViewController.h; path = Classes/RoundViewController.h; sourceTree = "<group>"; };
		C149E388135E5F3500D6A77D /* RoundViewController.m */ = {isa = PBXFileReference; fileEncoding = 4; lastKnownFileType = sourcecode.c.objc; name = RoundViewController.m; path = Classes/RoundViewController.m; sourceTree = "<group>"; };
		C149E389135E5F3500D6A77D /* RoundView.xib */ = {isa = PBXFileReference; lastKnownFileType = file.xib; path = RoundView.xib; sourceTree = "<group>"; };
		C1B03723135E4F6300E7BD63 /* JoinViewController.h */ = {isa = PBXFileReference; fileEncoding = 4; lastKnownFileType = sourcecode.c.h; name = JoinViewController.h; path = Classes/JoinViewController.h; sourceTree = "<group>"; };
		C1B03724135E4F6300E7BD63 /* JoinViewController.m */ = {isa = PBXFileReference; fileEncoding = 4; lastKnownFileType = sourcecode.c.objc; name = JoinViewController.m; path = Classes/JoinViewController.m; sourceTree = "<group>"; };
		C1B03725135E4F6300E7BD63 /* JoinView.xib */ = {isa = PBXFileReference; lastKnownFileType = file.xib; path = JoinView.xib; sourceTree = "<group>"; };
		C1B03743135E51D800E7BD63 /* distriviaw.png */ = {isa = PBXFileReference; lastKnownFileType = image.png; path = distriviaw.png; sourceTree = "<group>"; };
/* End PBXFileReference section */

/* Begin PBXFrameworksBuildPhase section */
		1D60588F0D05DD3D006BFB54 /* Frameworks */ = {
			isa = PBXFrameworksBuildPhase;
			buildActionMask = 2147483647;
			files = (
				1D60589F0D05DD5A006BFB54 /* Foundation.framework in Frameworks */,
				1DF5F4E00D08C38300B7A737 /* UIKit.framework in Frameworks */,
				288765A50DF7441C002DB57D /* CoreGraphics.framework in Frameworks */,
			);
			runOnlyForDeploymentPostprocessing = 0;
		};
/* End PBXFrameworksBuildPhase section */

/* Begin PBXGroup section */
		080E96DDFE201D6D7F000001 /* Classes */ = {
			isa = PBXGroup;
			children = (
				C0524B9D135F870900BE6E98 /* DistriviaAPI.h */,
				C0524B9E135F870900BE6E98 /* DistriviaAPI.m */,
				C0961663135E9C5D00BDFFA6 /* JSONKit.m */,
				C0961664135E9C5D00BDFFA6 /* JSONKit.h */,
				1D3623240D0F684500981E51 /* distriviaAppDelegate.h */,
				1D3623250D0F684500981E51 /* distriviaAppDelegate.m */,
				C0961667135E9CC300BDFFA6 /* GameData.h */,
				C0961668135E9CC300BDFFA6 /* GameData.m */,
				C12961541365572C0092180F /* RootViewController.h */,
				C12961551365572C0092180F /* RootViewController.m */,
			);
			path = Classes;
			sourceTree = "<group>";
		};
		19C28FACFE9D520D11CA2CBB /* Products */ = {
			isa = PBXGroup;
			children = (
				1D6058910D05DD3D006BFB54 /* distrivia.app */,
			);
			name = Products;
			sourceTree = "<group>";
		};
		29B97314FDCFA39411CA2CEA /* CustomTemplate */ = {
			isa = PBXGroup;
			children = (
				C129610213603CA00092180F /* Leaderboard View */,
				C149E386135E5F1F00D6A77D /* Round View */,
				C1B03722135E4F3300E7BD63 /* Join View */,
				C1B03729135E4FF300E7BD63 /* Login View */,
				080E96DDFE201D6D7F000001 /* Classes */,
				29B97315FDCFA39411CA2CEA /* Other Sources */,
				29B97317FDCFA39411CA2CEA /* Resources */,
				29B97323FDCFA39411CA2CEA /* Frameworks */,
				19C28FACFE9D520D11CA2CBB /* Products */,
			);
			name = CustomTemplate;
			sourceTree = "<group>";
		};
		29B97315FDCFA39411CA2CEA /* Other Sources */ = {
			isa = PBXGroup;
			children = (
				32CA4F630368D1EE00C91783 /* distrivia_Prefix.pch */,
				29B97316FDCFA39411CA2CEA /* main.m */,
			);
			name = "Other Sources";
			sourceTree = "<group>";
		};
		29B97317FDCFA39411CA2CEA /* Resources */ = {
			isa = PBXGroup;
			children = (
				C129613D136357D50092180F /* distrivia_icon6.png */,
				C129613E136357D50092180F /* distrivia_icon7.png */,
				C129613F136357D50092180F /* distrivia_icon8.png */,
				C1296086135F35110092180F /* blueButton.png */,
				C1296087135F35110092180F /* whiteButton.png */,
				C1B03743135E51D800E7BD63 /* distriviaw.png */,
				28AD733E0D9D9553002E5188 /* MainWindow.xib */,
				8D1107310486CEB800E47090 /* distrivia-Info.plist */,
			);
			name = Resources;
			sourceTree = "<group>";
		};
		29B97323FDCFA39411CA2CEA /* Frameworks */ = {
			isa = PBXGroup;
			children = (
				1DF5F4DF0D08C38300B7A737 /* UIKit.framework */,
				1D30AB110D05D00D00671497 /* Foundation.framework */,
				288765A40DF7441C002DB57D /* CoreGraphics.framework */,
			);
			name = Frameworks;
			sourceTree = "<group>";
		};
		C129610213603CA00092180F /* Leaderboard View */ = {
			isa = PBXGroup;
			children = (
				C129610313603CB70092180F /* LeaderboardViewController.h */,
				C129610413603CB70092180F /* LeaderboardViewController.m */,
				C129610513603CB70092180F /* LeaderboardView.xib */,
			);
			name = "Leaderboard View";
			sourceTree = "<group>";
		};
		C149E386135E5F1F00D6A77D /* Round View */ = {
			isa = PBXGroup;
			children = (
				C149E387135E5F3500D6A77D /* RoundViewController.h */,
				C149E388135E5F3500D6A77D /* RoundViewController.m */,
				C149E389135E5F3500D6A77D /* RoundView.xib */,
			);
			name = "Round View";
			sourceTree = "<group>";
		};
		C1B03722135E4F3300E7BD63 /* Join View */ = {
			isa = PBXGroup;
			children = (
				C1B03723135E4F6300E7BD63 /* JoinViewController.h */,
				C1B03724135E4F6300E7BD63 /* JoinViewController.m */,
				C1B03725135E4F6300E7BD63 /* JoinView.xib */,
			);
			name = "Join View";
			sourceTree = "<group>";
		};
		C1B03729135E4FF300E7BD63 /* Login View */ = {
			isa = PBXGroup;
			children = (
				28D7ACF60DDB3853001CB0EB /* LoginViewController.h */,
				28D7ACF70DDB3853001CB0EB /* LoginViewController.m */,
				2899E5210DE3E06400AC0155 /* LoginView.xib */,
			);
			name = "Login View";
			sourceTree = "<group>";
		};
/* End PBXGroup section */

/* Begin PBXNativeTarget section */
		1D6058900D05DD3D006BFB54 /* distrivia */ = {
			isa = PBXNativeTarget;
			buildConfigurationList = 1D6058960D05DD3E006BFB54 /* Build configuration list for PBXNativeTarget "distrivia" */;
			buildPhases = (
				1D60588D0D05DD3D006BFB54 /* Resources */,
				1D60588E0D05DD3D006BFB54 /* Sources */,
				1D60588F0D05DD3D006BFB54 /* Frameworks */,
			);
			buildRules = (
			);
			dependencies = (
			);
			name = distrivia;
			productName = distrivia;
			productReference = 1D6058910D05DD3D006BFB54 /* distrivia.app */;
			productType = "com.apple.product-type.application";
		};
/* End PBXNativeTarget section */

/* Begin PBXProject section */
		29B97313FDCFA39411CA2CEA /* Project object */ = {
			isa = PBXProject;
			buildConfigurationList = C01FCF4E08A954540054247B /* Build configuration list for PBXProject "distrivia" */;
			compatibilityVersion = "Xcode 3.2";
			developmentRegion = English;
			hasScannedForEncodings = 1;
			knownRegions = (
				English,
				Japanese,
				French,
				German,
			);
			mainGroup = 29B97314FDCFA39411CA2CEA /* CustomTemplate */;
			projectDirPath = "";
			projectRoot = "";
			targets = (
				1D6058900D05DD3D006BFB54 /* distrivia */,
			);
		};
/* End PBXProject section */

/* Begin PBXResourcesBuildPhase section */
		1D60588D0D05DD3D006BFB54 /* Resources */ = {
			isa = PBXResourcesBuildPhase;
			buildActionMask = 2147483647;
			files = (
				28AD733F0D9D9553002E5188 /* MainWindow.xib in Resources */,
				2899E5220DE3E06400AC0155 /* LoginView.xib in Resources */,
				C1B03727135E4F6300E7BD63 /* JoinView.xib in Resources */,
				C1B03744135E51D800E7BD63 /* distriviaw.png in Resources */,
				C149E38B135E5F3500D6A77D /* RoundView.xib in Resources */,
				C1296088135F35110092180F /* blueButton.png in Resources */,
				C1296089135F35110092180F /* whiteButton.png in Resources */,
				C129610713603CB70092180F /* LeaderboardView.xib in Resources */,
				C1296140136357D50092180F /* distrivia_icon6.png in Resources */,
				C1296141136357D50092180F /* distrivia_icon7.png in Resources */,
				C1296142136357D50092180F /* distrivia_icon8.png in Resources */,
			);
			runOnlyForDeploymentPostprocessing = 0;
		};
/* End PBXResourcesBuildPhase section */

/* Begin PBXSourcesBuildPhase section */
		1D60588E0D05DD3D006BFB54 /* Sources */ = {
			isa = PBXSourcesBuildPhase;
			buildActionMask = 2147483647;
			files = (
				1D60589B0D05DD56006BFB54 /* main.m in Sources */,
				1D3623260D0F684500981E51 /* distriviaAppDelegate.m in Sources */,
				28D7ACF80DDB3853001CB0EB /* LoginViewController.m in Sources */,
				C1B03726135E4F6300E7BD63 /* JoinViewController.m in Sources */,
				C149E38A135E5F3500D6A77D /* RoundViewController.m in Sources */,
				C0961665135E9C5D00BDFFA6 /* JSONKit.m in Sources */,
				C0961669135E9CC300BDFFA6 /* GameData.m in Sources */,
				C0524B9F135F870900BE6E98 /* DistriviaAPI.m in Sources */,
				C129610613603CB70092180F /* LeaderboardViewController.m in Sources */,
				C12961561365572C0092180F /* RootViewController.m in Sources */,
			);
			runOnlyForDeploymentPostprocessing = 0;
		};
/* End PBXSourcesBuildPhase section */

/* Begin XCBuildConfiguration section */
		1D6058940D05DD3E006BFB54 /* Debug */ = {
			isa = XCBuildConfiguration;
			buildSettings = {
				ALWAYS_SEARCH_USER_PATHS = NO;
				COPY_PHASE_STRIP = NO;
				GCC_DYNAMIC_NO_PIC = NO;
				GCC_OPTIMIZATION_LEVEL = 0;
				GCC_PRECOMPILE_PREFIX_HEADER = YES;
				GCC_PREFIX_HEADER = distrivia_Prefix.pch;
				INFOPLIST_FILE = "distrivia-Info.plist";
				PRODUCT_NAME = distrivia;
			};
			name = Debug;
		};
		1D6058950D05DD3E006BFB54 /* Release */ = {
			isa = XCBuildConfiguration;
			buildSettings = {
				ALWAYS_SEARCH_USER_PATHS = NO;
				COPY_PHASE_STRIP = YES;
				GCC_PRECOMPILE_PREFIX_HEADER = YES;
				GCC_PREFIX_HEADER = distrivia_Prefix.pch;
				INFOPLIST_FILE = "distrivia-Info.plist";
				PRODUCT_NAME = distrivia;
				VALIDATE_PRODUCT = YES;
			};
			name = Release;
		};
		C01FCF4F08A954540054247B /* Debug */ = {
			isa = XCBuildConfiguration;
			buildSettings = {
				ARCHS = "$(ARCHS_STANDARD_32_BIT)";
				"CODE_SIGN_IDENTITY[sdk=iphoneos*]" = "iPhone Developer";
				GCC_C_LANGUAGE_STANDARD = c99;
				GCC_WARN_ABOUT_RETURN_TYPE = YES;
				GCC_WARN_UNUSED_VARIABLE = YES;
				PREBINDING = NO;
				SDKROOT = iphoneos;
			};
			name = Debug;
		};
		C01FCF5008A954540054247B /* Release */ = {
			isa = XCBuildConfiguration;
			buildSettings = {
				ARCHS = "$(ARCHS_STANDARD_32_BIT)";
				"CODE_SIGN_IDENTITY[sdk=iphoneos*]" = "iPhone Developer";
				GCC_C_LANGUAGE_STANDARD = c99;
				GCC_WARN_ABOUT_RETURN_TYPE = YES;
				GCC_WARN_UNUSED_VARIABLE = YES;
				OTHER_CFLAGS = "-DNS_BLOCK_ASSERTIONS=1";
				PREBINDING = NO;
				SDKROOT = iphoneos;
			};
			name = Release;
		};
/* End XCBuildConfiguration section */

/* Begin XCConfigurationList section */
		1D6058960D05DD3E006BFB54 /* Build configuration list for PBXNativeTarget "distrivia" */ = {
			isa = XCConfigurationList;
			buildConfigurations = (
				1D6058940D05DD3E006BFB54 /* Debug */,
				1D6058950D05DD3E006BFB54 /* Release */,
			);
			defaultConfigurationIsVisible = 0;
			defaultConfigurationName = Release;
		};
		C01FCF4E08A954540054247B /* Build configuration list for PBXProject "distrivia" */ = {
			isa = XCConfigurationList;
			buildConfigurations = (
				C01FCF4F08A954540054247B /* Debug */,
				C01FCF5008A954540054247B /* Release */,
			);
			defaultConfigurationIsVisible = 0;
			defaultConfigurationName = Release;
		};
/* End XCConfigurationList section */
	};
	rootObject = 29B97313FDCFA39411CA2CEA /* Project object */;
}
